
Microsoft Visual Studio Solution File, Format Version 12.00
# Visual Studio Version 16
VisualStudioVersion = 16.0.33130.400
MinimumVisualStudioVersion = 10.0.40219.1
Project("{FAE04EC0-301F-11D3-BF4B-00C04F79EFBC}") = "HotelListing", "HotelListing\HotelListing.csproj", "{71F99FEE-2F86-4B9F-8742-BC98CD3AAE99}"
EndProject
Global
	GlobalSection(SolutionConfigurationPlatforms) = preSolution
		Debug|Any CPU = Debug|Any CPU
		Release|Any CPU = Release|Any CPU
	EndGlobalSection
	GlobalSection(ProjectConfigurationPlatforms) = postSolution
		{71F99FEE-2F86-4B9F-8742-BC98CD3AAE99}.Debug|Any CPU.ActiveCfg = Debug|Any CPU
		{71F99FEE-2F86-4B9F-8742-BC98CD3AAE99}.Debug|Any CPU.Build.0 = Debug|Any CPU
		{71F99FEE-2F86-4B9F-8742-BC98CD3AAE99}.Release|Any CPU.ActiveCfg = Release|Any CPU
		{71F99FEE-2F86-4B9F-8742-BC98CD3AAE99}.Release|Any CPU.Build.0 = Release|Any CPU
	EndGlobalSection
	GlobalSection(SolutionProperties) = preSolution
		HideSolutionNode = FALSE
	EndGlobalSection
	GlobalSection(ExtensibilityGlobals) = postSolution
		SolutionGuid = {81082F4E-49A2-4848-9F15-19AD85F383BE}
	EndGlobalSection
EndGlobal
